
Microsoft Visual Studio Solution File, Format Version 12.00
# Visual Studio Version 17
VisualStudioVersion = 17.11.35208.52
MinimumVisualStudioVersion = 10.0.40219.1
Project("{FAE04EC0-301F-11D3-BF4B-00C04F79EFBC}") = "mySampleApp1.Application.WebApi", "mySampleApp1.Application.WebApi\mySampleApp1.Application.WebApi.csproj", "{58D4CEF8-3ED3-4C99-9FF0-EBCA58167C85}"
EndProject
Global
	GlobalSection(SolutionConfigurationPlatforms) = preSolution
		Debug|Any CPU = Debug|Any CPU
		Release|Any CPU = Release|Any CPU
	EndGlobalSection
	GlobalSection(ProjectConfigurationPlatforms) = postSolution
		{58D4CEF8-3ED3-4C99-9FF0-EBCA58167C85}.Debug|Any CPU.ActiveCfg = Debug|Any CPU
		{58D4CEF8-3ED3-4C99-9FF0-EBCA58167C85}.Debug|Any CPU.Build.0 = Debug|Any CPU
		{58D4CEF8-3ED3-4C99-9FF0-EBCA58167C85}.Release|Any CPU.ActiveCfg = Release|Any CPU
		{58D4CEF8-3ED3-4C99-9FF0-EBCA58167C85}.Release|Any CPU.Build.0 = Release|Any CPU
	EndGlobalSection
	GlobalSection(SolutionProperties) = preSolution
		HideSolutionNode = FALSE
	EndGlobalSection
	GlobalSection(ExtensibilityGlobals) = postSolution
		SolutionGuid = {62A15FD3-4FEB-4708-9C58-2873BAA7DAFF}
	EndGlobalSection
EndGlobal
